
Microsoft Visual Studio Solution File, Format Version 12.00
# Visual Studio Version 17
VisualStudioVersion = 17.5.33516.290
MinimumVisualStudioVersion = 10.0.40219.1
Project("{8BC9CEB8-8B4A-11D0-8D11-00A0C91BC942}") = "Lua Module", "Lua Module.vcxproj", "{2744DF07-073A-4588-A82C-19648A8B026A}"
EndProject
Global
	GlobalSection(SolutionConfigurationPlatforms) = preSolution
		Debug|x64 = Debug|x64
		Debug|x86 = Debug|x86
		Release|x64 = Release|x64
		Release|x86 = Release|x86
	EndGlobalSection
	GlobalSection(ProjectConfigurationPlatforms) = postSolution
		{2744DF07-073A-4588-A82C-19648A8B026A}.Debug|x64.ActiveCfg = Debug|x64
		{2744DF07-073A-4588-A82C-19648A8B026A}.Debug|x64.Build.0 = Debug|x64
		{2744DF07-073A-4588-A82C-19648A8B026A}.Debug|x86.ActiveCfg = Debug|Win32
		{2744DF07-073A-4588-A82C-19648A8B026A}.Debug|x86.Build.0 = Debug|Win32
		{2744DF07-073A-4588-A82C-19648A8B026A}.Release|x64.ActiveCfg = Release|x64
		{2744DF07-073A-4588-A82C-19648A8B026A}.Release|x64.Build.0 = Release|x64
		{2744DF07-073A-4588-A82C-19648A8B026A}.Release|x86.ActiveCfg = Release|Win32
		{2744DF07-073A-4588-A82C-19648A8B026A}.Release|x86.Build.0 = Release|Win32
	EndGlobalSection
	GlobalSection(SolutionProperties) = preSolution
		HideSolutionNode = FALSE
	EndGlobalSection
	GlobalSection(ExtensibilityGlobals) = postSolution
		SolutionGuid = {B45277E3-B6AD-4EA9-9A0B-E16533175B2F}
	EndGlobalSection
EndGlobal
